// !$*UTF8*$!
{
	archiveVersion = 1;
	classes = {
	};
	objectVersion = 77;
	objects = {

/* Begin PBXBuildFile section */
		FA8592DC2F05F57600C686EB /* FirebaseAI in Frameworks */ = {isa = PBXBuildFile; productRef = FA8592DB2F05F57600C686EB /* FirebaseAI */; };
		FA8592DE2F05F57600C686EB /* FirebaseAILogic in Frameworks */ = {isa = PBXBuildFile; productRef = FA8592DD2F05F57600C686EB /* FirebaseAILogic */; };
		FA8592E02F05F57600C686EB /* FirebaseAnalytics in Frameworks */ = {isa = PBXBuildFile; productRef = FA8592DF2F05F57600C686EB /* FirebaseAnalytics */; };
		FA8592E22F05F57600C686EB /* FirebaseAnalyticsCore in Frameworks */ = {isa = PBXBuildFile; productRef = FA8592E12F05F57600C686EB /* FirebaseAnalyticsCore */; };
		FA8592E42F05F57600C686EB /* FirebaseAnalyticsIdentitySupport in Frameworks */ = {isa = PBXBuildFile; productRef = FA8592E32F05F57600C686EB /* FirebaseAnalyticsIdentitySupport */; };
		FA8592E82F05F57600C686EB /* FirebaseAppDistribution-Beta in Frameworks */ = {isa = PBXBuildFile; productRef = FA8592E72F05F57600C686EB /* FirebaseAppDistribution-Beta */; };
		FA8592EA2F05F57600C686EB /* FirebaseAuth in Frameworks */ = {isa = PBXBuildFile; productRef = FA8592E92F05F57600C686EB /* FirebaseAuth */; };
		FA8592EC2F05F57600C686EB /* FirebaseAuthCombine-Community in Frameworks */ = {isa = PBXBuildFile; productRef = FA8592EB2F05F57600C686EB /* FirebaseAuthCombine-Community */; };
		FA8592EE2F05F57600C686EB /* FirebaseCore in Frameworks */ = {isa = PBXBuildFile; productRef = FA8592ED2F05F57600C686EB /* FirebaseCore */; };
		FA8592F02F05F57600C686EB /* FirebaseCrashlytics in Frameworks */ = {isa = PBXBuildFile; productRef = FA8592EF2F05F57600C686EB /* FirebaseCrashlytics */; };
		FA8592F22F05F57600C686EB /* FirebaseDatabase in Frameworks */ = {isa = PBXBuildFile; productRef = FA8592F12F05F57600C686EB /* FirebaseDatabase */; };
		FA8592F42F05F57600C686EB /* FirebaseFirestore in Frameworks */ = {isa = PBXBuildFile; productRef = FA8592F32F05F57600C686EB /* FirebaseFirestore */; };
		FA8592F62F05F57600C686EB /* FirebaseFirestoreCombine-Community in Frameworks */ = {isa = PBXBuildFile; productRef = FA8592F52F05F57600C686EB /* FirebaseFirestoreCombine-Community */; };
		FA8592F82F05F57600C686EB /* FirebaseFunctions in Frameworks */ = {isa = PBXBuildFile; productRef = FA8592F72F05F57600C686EB /* FirebaseFunctions */; };
		FA8592FA2F05F57600C686EB /* FirebaseFunctionsCombine-Community in Frameworks */ = {isa = PBXBuildFile; productRef = FA8592F92F05F57600C686EB /* FirebaseFunctionsCombine-Community */; };
		FA8592FC2F05F57600C686EB /* FirebaseInAppMessaging-Beta in Frameworks */ = {isa = PBXBuildFile; productRef = FA8592FB2F05F57600C686EB /* FirebaseInAppMessaging-Beta */; };
		FA8592FE2F05F57600C686EB /* FirebaseInstallations in Frameworks */ = {isa = PBXBuildFile; productRef = FA8592FD2F05F57600C686EB /* FirebaseInstallations */; };
		FA8593022F05F57600C686EB /* FirebaseMLModelDownloader in Frameworks */ = {isa = PBXBuildFile; productRef = FA8593012F05F57600C686EB /* FirebaseMLModelDownloader */; };
		FA8593042F05F57600C686EB /* FirebasePerformance in Frameworks */ = {isa = PBXBuildFile; productRef = FA8593032F05F57600C686EB /* FirebasePerformance */; };
		FA8593062F05F57600C686EB /* FirebaseRemoteConfig in Frameworks */ = {isa = PBXBuildFile; productRef = FA8593052F05F57600C686EB /* FirebaseRemoteConfig */; };
		FA8593082F05F57600C686EB /* FirebaseStorage in Frameworks */ = {isa = PBXBuildFile; productRef = FA8593072F05F57600C686EB /* FirebaseStorage */; };
		FA85930A2F05F57600C686EB /* FirebaseStorageCombine-Community in Frameworks */ = {isa = PBXBuildFile; productRef = FA8593092F05F57600C686EB /* FirebaseStorageCombine-Community */; };
/* End PBXBuildFile section */

/* Begin PBXFileReference section */
		FA8592C02F05F1D200C686EB /* You-Toss.app */ = {isa = PBXFileReference; explicitFileType = wrapper.application; includeInIndex = 0; path = "You-Toss.app"; sourceTree = BUILT_PRODUCTS_DIR; };
/* End PBXFileReference section */

/* Begin PBXFileSystemSynchronizedRootGroup section */
		FA8592C22F05F1D200C686EB /* You-Toss */ = {
			isa = PBXFileSystemSynchronizedRootGroup;
			path = "You-Toss";
			sourceTree = "<group>";
		};
/* End PBXFileSystemSynchronizedRootGroup section */

/* Begin PBXFrameworksBuildPhase section */
		FA8592BD2F05F1D200C686EB /* Frameworks */ = {
			isa = PBXFrameworksBuildPhase;
			buildActionMask = 2147483647;
			files = (
				FA8592E82F05F57600C686EB /* FirebaseAppDistribution-Beta in Frameworks */,
				FA8592F42F05F57600C686EB /* FirebaseFirestore in Frameworks */,
				FA8592EC2F05F57600C686EB /* FirebaseAuthCombine-Community in Frameworks */,
				FA8592FE2F05F57600C686EB /* FirebaseInstallations in Frameworks */,
				FA8592DE2F05F57600C686EB /* FirebaseAILogic in Frameworks */,
				FA8592E42F05F57600C686EB /* FirebaseAnalyticsIdentitySupport in Frameworks */,
				FA8592FC2F05F57600C686EB /* FirebaseInAppMessaging-Beta in Frameworks */,
				FA8593022F05F57600C686EB /* FirebaseMLModelDownloader in Frameworks */,
				FA8592DC2F05F57600C686EB /* FirebaseAI in Frameworks */,
				FA85930A2F05F57600C686EB /* FirebaseStorageCombine-Community in Frameworks */,
				FA8592F02F05F57600C686EB /* FirebaseCrashlytics in Frameworks */,
				FA8593082F05F57600C686EB /* FirebaseStorage in Frameworks */,
				FA8593062F05F57600C686EB /* FirebaseRemoteConfig in Frameworks */,
				FA8592FA2F05F57600C686EB /* FirebaseFunctionsCombine-Community in Frameworks */,
				FA8592F22F05F57600C686EB /* FirebaseDatabase in Frameworks */,
				FA8592E02F05F57600C686EB /* FirebaseAnalytics in Frameworks */,
				FA8593042F05F57600C686EB /* FirebasePerformance in Frameworks */,
				FA8592EE2F05F57600C686EB /* FirebaseCore in Frameworks */,
				FA8592E22F05F57600C686EB /* FirebaseAnalyticsCore in Frameworks */,
				FA8592F82F05F57600C686EB /* FirebaseFunctions in Frameworks */,
				FA8592EA2F05F57600C686EB /* FirebaseAuth in Frameworks */,
				FA8592F62F05F57600C686EB /* FirebaseFirestoreCombine-Community in Frameworks */,
			);
			runOnlyForDeploymentPostprocessing = 0;
		};
/* End PBXFrameworksBuildPhase section */

/* Begin PBXGroup section */
		FA8592B72F05F1D200C686EB = {
			isa = PBXGroup;
			children = (
				FA8592C22F05F1D200C686EB /* You-Toss */,
				FA8592DA2F05F57600C686EB /* Frameworks */,
				FA8592C12F05F1D200C686EB /* Products */,
			);
			sourceTree = "<group>";
		};
		FA8592C12F05F1D200C686EB /* Products */ = {
			isa = PBXGroup;
			children = (
				FA8592C02F05F1D200C686EB /* You-Toss.app */,
			);
			name = Products;
			sourceTree = "<group>";
		};
		FA8592DA2F05F57600C686EB /* Frameworks */ = {
			isa = PBXGroup;
			children = (
			);
			name = Frameworks;
			sourceTree = "<group>";
		};
/* End PBXGroup section */

/* Begin PBXNativeTarget section */
		FA8592BF2F05F1D200C686EB /* You-Toss */ = {
			isa = PBXNativeTarget;
			buildConfigurationList = FA8592CF2F05F1D700C686EB /* Build configuration list for PBXNativeTarget "You-Toss" */;
			buildPhases = (
				FA8592BC2F05F1D200C686EB /* Sources */,
				FA8592BD2F05F1D200C686EB /* Frameworks */,
				FA8592BE2F05F1D200C686EB /* Resources */,
			);
			buildRules = (
			);
			dependencies = (
			);
			fileSystemSynchronizedGroups = (
				FA8592C22F05F1D200C686EB /* You-Toss */,
			);
			name = "You-Toss";
			packageProductDependencies = (
				FA8592DB2F05F57600C686EB /* FirebaseAI */,
				FA8592DD2F05F57600C686EB /* FirebaseAILogic */,
				FA8592DF2F05F57600C686EB /* FirebaseAnalytics */,
				FA8592E12F05F57600C686EB /* FirebaseAnalyticsCore */,
				FA8592E32F05F57600C686EB /* FirebaseAnalyticsIdentitySupport */,
				FA8592E72F05F57600C686EB /* FirebaseAppDistribution-Beta */,
				FA8592E92F05F57600C686EB /* FirebaseAuth */,
				FA8592EB2F05F57600C686EB /* FirebaseAuthCombine-Community */,
				FA8592ED2F05F57600C686EB /* FirebaseCore */,
				FA8592EF2F05F57600C686EB /* FirebaseCrashlytics */,
				FA8592F12F05F57600C686EB /* FirebaseDatabase */,
				FA8592F32F05F57600C686EB /* FirebaseFirestore */,
				FA8592F52F05F57600C686EB /* FirebaseFirestoreCombine-Community */,
				FA8592F72F05F57600C686EB /* FirebaseFunctions */,
				FA8592F92F05F57600C686EB /* FirebaseFunctionsCombine-Community */,
				FA8592FB2F05F57600C686EB /* FirebaseInAppMessaging-Beta */,
				FA8592FD2F05F57600C686EB /* FirebaseInstallations */,
				FA8593012F05F57600C686EB /* FirebaseMLModelDownloader */,
				FA8593032F05F57600C686EB /* FirebasePerformance */,
				FA8593052F05F57600C686EB /* FirebaseRemoteConfig */,
				FA8593072F05F57600C686EB /* FirebaseStorage */,
				FA8593092F05F57600C686EB /* FirebaseStorageCombine-Community */,
			);
			productName = "You-Toss";
			productReference = FA8592C02F05F1D200C686EB /* You-Toss.app */;
			productType = "com.apple.product-type.application";
		};
/* End PBXNativeTarget section */

/* Begin PBXProject section */
		FA8592B82F05F1D200C686EB /* Project object */ = {
			isa = PBXProject;
			attributes = {
				BuildIndependentTargetsInParallel = 1;
				LastSwiftUpdateCheck = 1620;
				LastUpgradeCheck = 1620;
				TargetAttributes = {
					FA8592BF2F05F1D200C686EB = {
						CreatedOnToolsVersion = 16.2;
					};
				};
			};
			buildConfigurationList = FA8592BB2F05F1D200C686EB /* Build configuration list for PBXProject "You-Toss" */;
			developmentRegion = en;
			hasScannedForEncodings = 0;
			knownRegions = (
				en,
				Base,
			);
			mainGroup = FA8592B72F05F1D200C686EB;
			minimizedProjectReferenceProxies = 1;
			packageReferences = (
				FA8592D92F05F4E300C686EB /* XCRemoteSwiftPackageReference "firebase-ios-sdk" */,
			);
			preferredProjectObjectVersion = 77;
			productRefGroup = FA8592C12F05F1D200C686EB /* Products */;
			projectDirPath = "";
			projectRoot = "";
			targets = (
				FA8592BF2F05F1D200C686EB /* You-Toss */,
			);
		};
/* End PBXProject section */

/* Begin PBXResourcesBuildPhase section */
		FA8592BE2F05F1D200C686EB /* Resources */ = {
			isa = PBXResourcesBuildPhase;
			buildActionMask = 2147483647;
			files = (
			);
			runOnlyForDeploymentPostprocessing = 0;
		};
/* End PBXResourcesBuildPhase section */

/* Begin PBXSourcesBuildPhase section */
		FA8592BC2F05F1D200C686EB /* Sources */ = {
			isa = PBXSourcesBuildPhase;
			buildActionMask = 2147483647;
			files = (
			);
			runOnlyForDeploymentPostprocessing = 0;
		};
/* End PBXSourcesBuildPhase section */

/* Begin XCBuildConfiguration section */
		FA8592CD2F05F1D700C686EB /* Debug */ = {
			isa = XCBuildConfiguration;
			buildSettings = {
				ALWAYS_SEARCH_USER_PATHS = NO;
				ASSETCATALOG_COMPILER_GENERATE_SWIFT_ASSET_SYMBOL_EXTENSIONS = YES;
				CLANG_ANALYZER_NONNULL = YES;
				CLANG_ANALYZER_NUMBER_OBJECT_CONVERSION = YES_AGGRESSIVE;
				CLANG_CXX_LANGUAGE_STANDARD = "gnu++20";
				CLANG_ENABLE_MODULES = YES;
				CLANG_ENABLE_OBJC_ARC = YES;
				CLANG_ENABLE_OBJC_WEAK = YES;
				CLANG_WARN_BLOCK_CAPTURE_AUTORELEASING = YES;
				CLANG_WARN_BOOL_CONVERSION = YES;
				CLANG_WARN_COMMA = YES;
				CLANG_WARN_CONSTANT_CONVERSION = YES;
				CLANG_WARN_DEPRECATED_OBJC_IMPLEMENTATIONS = YES;
				CLANG_WARN_DIRECT_OBJC_ISA_USAGE = YES_ERROR;
				CLANG_WARN_DOCUMENTATION_COMMENTS = YES;
				CLANG_WARN_EMPTY_BODY = YES;
				CLANG_WARN_ENUM_CONVERSION = YES;
				CLANG_WARN_INFINITE_RECURSION = YES;
				CLANG_WARN_INT_CONVERSION = YES;
				CLANG_WARN_NON_LITERAL_NULL_CONVERSION = YES;
				CLANG_WARN_OBJC_IMPLICIT_RETAIN_SELF = YES;
				CLANG_WARN_OBJC_LITERAL_CONVERSION = YES;
				CLANG_WARN_OBJC_ROOT_CLASS = YES_ERROR;
				CLANG_WARN_QUOTED_INCLUDE_IN_FRAMEWORK_HEADER = YES;
				CLANG_WARN_RANGE_LOOP_ANALYSIS = YES;
				CLANG_WARN_STRICT_PROTOTYPES = YES;
				CLANG_WARN_SUSPICIOUS_MOVE = YES;
				CLANG_WARN_UNGUARDED_AVAILABILITY = YES_AGGRESSIVE;
				CLANG_WARN_UNREACHABLE_CODE = YES;
				CLANG_WARN__DUPLICATE_METHOD_MATCH = YES;
				COPY_PHASE_STRIP = NO;
				DEBUG_INFORMATION_FORMAT = dwarf;
				ENABLE_STRICT_OBJC_MSGSEND = YES;
				ENABLE_TESTABILITY = YES;
				ENABLE_USER_SCRIPT_SANDBOXING = YES;
				GCC_C_LANGUAGE_STANDARD = gnu17;
				GCC_DYNAMIC_NO_PIC = NO;
				GCC_NO_COMMON_BLOCKS = YES;
				GCC_OPTIMIZATION_LEVEL = 0;
				GCC_PREPROCESSOR_DEFINITIONS = (
					"DEBUG=1",
					"$(inherited)",
				);
				GCC_WARN_64_TO_32_BIT_CONVERSION = YES;
				GCC_WARN_ABOUT_RETURN_TYPE = YES_ERROR;
				GCC_WARN_UNDECLARED_SELECTOR = YES;
				GCC_WARN_UNINITIALIZED_AUTOS = YES_AGGRESSIVE;
				GCC_WARN_UNUSED_FUNCTION = YES;
				GCC_WARN_UNUSED_VARIABLE = YES;
				LOCALIZATION_PREFERS_STRING_CATALOGS = YES;
				MTL_ENABLE_DEBUG_INFO = INCLUDE_SOURCE;
				MTL_FAST_MATH = YES;
				ONLY_ACTIVE_ARCH = YES;
				SWIFT_ACTIVE_COMPILATION_CONDITIONS = "DEBUG $(inherited)";
				SWIFT_OPTIMIZATION_LEVEL = "-Onone";
			};
			name = Debug;
		};
		FA8592CE2F05F1D700C686EB /* Release */ = {
			isa = XCBuildConfiguration;
			buildSettings = {
				ALWAYS_SEARCH_USER_PATHS = NO;
				ASSETCATALOG_COMPILER_GENERATE_SWIFT_ASSET_SYMBOL_EXTENSIONS = YES;
				CLANG_ANALYZER_NONNULL = YES;
				CLANG_ANALYZER_NUMBER_OBJECT_CONVERSION = YES_AGGRESSIVE;
				CLANG_CXX_LANGUAGE_STANDARD = "gnu++20";
				CLANG_ENABLE_MODULES = YES;
				CLANG_ENABLE_OBJC_ARC = YES;
				CLANG_ENABLE_OBJC_WEAK = YES;
				CLANG_WARN_BLOCK_CAPTURE_AUTORELEASING = YES;
				CLANG_WARN_BOOL_CONVERSION = YES;
				CLANG_WARN_COMMA = YES;
				CLANG_WARN_CONSTANT_CONVERSION = YES;
				CLANG_WARN_DEPRECATED_OBJC_IMPLEMENTATIONS = YES;
				CLANG_WARN_DIRECT_OBJC_ISA_USAGE = YES_ERROR;
				CLANG_WARN_DOCUMENTATION_COMMENTS = YES;
				CLANG_WARN_EMPTY_BODY = YES;
				CLANG_WARN_ENUM_CONVERSION = YES;
				CLANG_WARN_INFINITE_RECURSION = YES;
				CLANG_WARN_INT_CONVERSION = YES;
				CLANG_WARN_NON_LITERAL_NULL_CONVERSION = YES;
				CLANG_WARN_OBJC_IMPLICIT_RETAIN_SELF = YES;
				CLANG_WARN_OBJC_LITERAL_CONVERSION = YES;
				CLANG_WARN_OBJC_ROOT_CLASS = YES_ERROR;
				CLANG_WARN_QUOTED_INCLUDE_IN_FRAMEWORK_HEADER = YES;
				CLANG_WARN_RANGE_LOOP_ANALYSIS = YES;
				CLANG_WARN_STRICT_PROTOTYPES = YES;
				CLANG_WARN_SUSPICIOUS_MOVE = YES;
				CLANG_WARN_UNGUARDED_AVAILABILITY = YES_AGGRESSIVE;
				CLANG_WARN_UNREACHABLE_CODE = YES;
				CLANG_WARN__DUPLICATE_METHOD_MATCH = YES;
				COPY_PHASE_STRIP = NO;
				DEBUG_INFORMATION_FORMAT = "dwarf-with-dsym";
				ENABLE_NS_ASSERTIONS = NO;
				ENABLE_STRICT_OBJC_MSGSEND = YES;
				ENABLE_USER_SCRIPT_SANDBOXING = YES;
				GCC_C_LANGUAGE_STANDARD = gnu17;
				GCC_NO_COMMON_BLOCKS = YES;
				GCC_WARN_64_TO_32_BIT_CONVERSION = YES;
				GCC_WARN_ABOUT_RETURN_TYPE = YES_ERROR;
				GCC_WARN_UNDECLARED_SELECTOR = YES;
				GCC_WARN_UNINITIALIZED_AUTOS = YES_AGGRESSIVE;
				GCC_WARN_UNUSED_FUNCTION = YES;
				GCC_WARN_UNUSED_VARIABLE = YES;
				LOCALIZATION_PREFERS_STRING_CATALOGS = YES;
				MTL_ENABLE_DEBUG_INFO = NO;
				MTL_FAST_MATH = YES;
				SWIFT_COMPILATION_MODE = wholemodule;
			};
			name = Release;
		};
		FA8592D02F05F1D700C686EB /* Debug */ = {
			isa = XCBuildConfiguration;
			buildSettings = {
				ASSETCATALOG_COMPILER_APPICON_NAME = AppIcon;
				ASSETCATALOG_COMPILER_GLOBAL_ACCENT_COLOR_NAME = AccentColor;
				CODE_SIGN_ENTITLEMENTS = "You-Toss/You_Toss.entitlements";
				CODE_SIGN_STYLE = Automatic;
				CURRENT_PROJECT_VERSION = 1;
				DEVELOPMENT_ASSET_PATHS = "\"You-Toss/Preview Content\"";
				DEVELOPMENT_TEAM = 55A645456R;
				ENABLE_HARDENED_RUNTIME = YES;
				ENABLE_PREVIEWS = YES;
				GENERATE_INFOPLIST_FILE = YES;
				"INFOPLIST_KEY_UIApplicationSceneManifest_Generation[sdk=iphoneos*]" = YES;
				"INFOPLIST_KEY_UIApplicationSceneManifest_Generation[sdk=iphonesimulator*]" = YES;
				"INFOPLIST_KEY_UIApplicationSupportsIndirectInputEvents[sdk=iphoneos*]" = YES;
				"INFOPLIST_KEY_UIApplicationSupportsIndirectInputEvents[sdk=iphonesimulator*]" = YES;
				"INFOPLIST_KEY_UILaunchScreen_Generation[sdk=iphoneos*]" = YES;
				"INFOPLIST_KEY_UILaunchScreen_Generation[sdk=iphonesimulator*]" = YES;
				"INFOPLIST_KEY_UIStatusBarStyle[sdk=iphoneos*]" = UIStatusBarStyleDefault;
				"INFOPLIST_KEY_UIStatusBarStyle[sdk=iphonesimulator*]" = UIStatusBarStyleDefault;
				INFOPLIST_KEY_UISupportedInterfaceOrientations_iPad = "UIInterfaceOrientationPortrait UIInterfaceOrientationPortraitUpsideDown UIInterfaceOrientationLandscapeLeft UIInterfaceOrientationLandscapeRight";
				INFOPLIST_KEY_UISupportedInterfaceOrientations_iPhone = "UIInterfaceOrientationPortrait UIInterfaceOrientationLandscapeLeft UIInterfaceOrientationLandscapeRight";
				IPHONEOS_DEPLOYMENT_TARGET = 18.2;
				LD_RUNPATH_SEARCH_PATHS = "@executable_path/Frameworks";
				"LD_RUNPATH_SEARCH_PATHS[sdk=macosx*]" = "@executable_path/../Frameworks";
				MACOSX_DEPLOYMENT_TARGET = 15.2;
				MARKETING_VERSION = 1.0;
				PRODUCT_BUNDLE_IDENTIFIER = "com.bois.You-Toss";
				PRODUCT_NAME = "$(TARGET_NAME)";
				SDKROOT = auto;
				SUPPORTED_PLATFORMS = "iphoneos iphonesimulator macosx xros xrsimulator";
				SWIFT_EMIT_LOC_STRINGS = YES;
				SWIFT_VERSION = 5.0;
				TARGETED_DEVICE_FAMILY = "1,2,7";
				XROS_DEPLOYMENT_TARGET = 2.2;
			};
			name = Debug;
		};
		FA8592D12F05F1D700C686EB /* Release */ = {
			isa = XCBuildConfiguration;
			buildSettings = {
				ASSETCATALOG_COMPILER_APPICON_NAME = AppIcon;
				ASSETCATALOG_COMPILER_GLOBAL_ACCENT_COLOR_NAME = AccentColor;
				CODE_SIGN_ENTITLEMENTS = "You-Toss/You_Toss.entitlements";
				CODE_SIGN_STYLE = Automatic;
				CURRENT_PROJECT_VERSION = 1;
				DEVELOPMENT_ASSET_PATHS = "\"You-Toss/Preview Content\"";
				DEVELOPMENT_TEAM = 55A645456R;
				ENABLE_HARDENED_RUNTIME = YES;
				ENABLE_PREVIEWS = YES;
				GENERATE_INFOPLIST_FILE = YES;
				"INFOPLIST_KEY_UIApplicationSceneManifest_Generation[sdk=iphoneos*]" = YES;
				"INFOPLIST_KEY_UIApplicationSceneManifest_Generation[sdk=iphonesimulator*]" = YES;
				"INFOPLIST_KEY_UIApplicationSupportsIndirectInputEvents[sdk=iphoneos*]" = YES;
				"INFOPLIST_KEY_UIApplicationSupportsIndirectInputEvents[sdk=iphonesimulator*]" = YES;
				"INFOPLIST_KEY_UILaunchScreen_Generation[sdk=iphoneos*]" = YES;
				"INFOPLIST_KEY_UILaunchScreen_Generation[sdk=iphonesimulator*]" = YES;
				"INFOPLIST_KEY_UIStatusBarStyle[sdk=iphoneos*]" = UIStatusBarStyleDefault;
				"INFOPLIST_KEY_UIStatusBarStyle[sdk=iphonesimulator*]" = UIStatusBarStyleDefault;
				INFOPLIST_KEY_UISupportedInterfaceOrientations_iPad = "UIInterfaceOrientationPortrait UIInterfaceOrientationPortraitUpsideDown UIInterfaceOrientationLandscapeLeft UIInterfaceOrientationLandscapeRight";
				INFOPLIST_KEY_UISupportedInterfaceOrientations_iPhone = "UIInterfaceOrientationPortrait UIInterfaceOrientationLandscapeLeft UIInterfaceOrientationLandscapeRight";
				IPHONEOS_DEPLOYMENT_TARGET = 18.2;
				LD_RUNPATH_SEARCH_PATHS = "@executable_path/Frameworks";
				"LD_RUNPATH_SEARCH_PATHS[sdk=macosx*]" = "@executable_path/../Frameworks";
				MACOSX_DEPLOYMENT_TARGET = 15.2;
				MARKETING_VERSION = 1.0;
				PRODUCT_BUNDLE_IDENTIFIER = "com.bois.You-Toss";
				PRODUCT_NAME = "$(TARGET_NAME)";
				SDKROOT = auto;
				SUPPORTED_PLATFORMS = "iphoneos iphonesimulator macosx xros xrsimulator";
				SWIFT_EMIT_LOC_STRINGS = YES;
				SWIFT_VERSION = 5.0;
				TARGETED_DEVICE_FAMILY = "1,2,7";
				XROS_DEPLOYMENT_TARGET = 2.2;
			};
			name = Release;
		};
/* End XCBuildConfiguration section */

/* Begin XCConfigurationList section */
		FA8592BB2F05F1D200C686EB /* Build configuration list for PBXProject "You-Toss" */ = {
			isa = XCConfigurationList;
			buildConfigurations = (
				FA8592CD2F05F1D700C686EB /* Debug */,
				FA8592CE2F05F1D700C686EB /* Release */,
			);
			defaultConfigurationIsVisible = 0;
			defaultConfigurationName = Release;
		};
		FA8592CF2F05F1D700C686EB /* Build configuration list for PBXNativeTarget "You-Toss" */ = {
			isa = XCConfigurationList;
			buildConfigurations = (
				FA8592D02F05F1D700C686EB /* Debug */,
				FA8592D12F05F1D700C686EB /* Release */,
			);
			defaultConfigurationIsVisible = 0;
			defaultConfigurationName = Release;
		};
/* End XCConfigurationList section */

/* Begin XCRemoteSwiftPackageReference section */
		FA8592D92F05F4E300C686EB /* XCRemoteSwiftPackageReference "firebase-ios-sdk" */ = {
			isa = XCRemoteSwiftPackageReference;
			repositoryURL = "https://github.com/firebase/firebase-ios-sdk";
			requirement = {
				kind = upToNextMajorVersion;
				minimumVersion = 12.7.0;
			};
		};
/* End XCRemoteSwiftPackageReference section */

/* Begin XCSwiftPackageProductDependency section */
		FA8592DB2F05F57600C686EB /* FirebaseAI */ = {
			isa = XCSwiftPackageProductDependency;
			package = FA8592D92F05F4E300C686EB /* XCRemoteSwiftPackageReference "firebase-ios-sdk" */;
			productName = FirebaseAI;
		};
		FA8592DD2F05F57600C686EB /* FirebaseAILogic */ = {
			isa = XCSwiftPackageProductDependency;
			package = FA8592D92F05F4E300C686EB /* XCRemoteSwiftPackageReference "firebase-ios-sdk" */;
			productName = FirebaseAILogic;
		};
		FA8592DF2F05F57600C686EB /* FirebaseAnalytics */ = {
			isa = XCSwiftPackageProductDependency;
			package = FA8592D92F05F4E300C686EB /* XCRemoteSwiftPackageReference "firebase-ios-sdk" */;
			productName = FirebaseAnalytics;
		};
		FA8592E12F05F57600C686EB /* FirebaseAnalyticsCore */ = {
			isa = XCSwiftPackageProductDependency;
			package = FA8592D92F05F4E300C686EB /* XCRemoteSwiftPackageReference "firebase-ios-sdk" */;
			productName = FirebaseAnalyticsCore;
		};
		FA8592E32F05F57600C686EB /* FirebaseAnalyticsIdentitySupport */ = {
			isa = XCSwiftPackageProductDependency;
			package = FA8592D92F05F4E300C686EB /* XCRemoteSwiftPackageReference "firebase-ios-sdk" */;
			productName = FirebaseAnalyticsIdentitySupport;
		};
		FA8592E72F05F57600C686EB /* FirebaseAppDistribution-Beta */ = {
			isa = XCSwiftPackageProductDependency;
			package = FA8592D92F05F4E300C686EB /* XCRemoteSwiftPackageReference "firebase-ios-sdk" */;
			productName = "FirebaseAppDistribution-Beta";
		};
		FA8592E92F05F57600C686EB /* FirebaseAuth */ = {
			isa = XCSwiftPackageProductDependency;
			package = FA8592D92F05F4E300C686EB /* XCRemoteSwiftPackageReference "firebase-ios-sdk" */;
			productName = FirebaseAuth;
		};
		FA8592EB2F05F57600C686EB /* FirebaseAuthCombine-Community */ = {
			isa = XCSwiftPackageProductDependency;
			package = FA8592D92F05F4E300C686EB /* XCRemoteSwiftPackageReference "firebase-ios-sdk" */;
			productName = "FirebaseAuthCombine-Community";
		};
		FA8592ED2F05F57600C686EB /* FirebaseCore */ = {
			isa = XCSwiftPackageProductDependency;
			package = FA8592D92F05F4E300C686EB /* XCRemoteSwiftPackageReference "firebase-ios-sdk" */;
			productName = FirebaseCore;
		};
		FA8592EF2F05F57600C686EB /* FirebaseCrashlytics */ = {
			isa = XCSwiftPackageProductDependency;
			package = FA8592D92F05F4E300C686EB /* XCRemoteSwiftPackageReference "firebase-ios-sdk" */;
			productName = FirebaseCrashlytics;
		};
		FA8592F12F05F57600C686EB /* FirebaseDatabase */ = {
			isa = XCSwiftPackageProductDependency;
			package = FA8592D92F05F4E300C686EB /* XCRemoteSwiftPackageReference "firebase-ios-sdk" */;
			productName = FirebaseDatabase;
		};
		FA8592F32F05F57600C686EB /* FirebaseFirestore */ = {
			isa = XCSwiftPackageProductDependency;
			package = FA8592D92F05F4E300C686EB /* XCRemoteSwiftPackageReference "firebase-ios-sdk" */;
			productName = FirebaseFirestore;
		};
		FA8592F52F05F57600C686EB /* FirebaseFirestoreCombine-Community */ = {
			isa = XCSwiftPackageProductDependency;
			package = FA8592D92F05F4E300C686EB /* XCRemoteSwiftPackageReference "firebase-ios-sdk" */;
			productName = "FirebaseFirestoreCombine-Community";
		};
		FA8592F72F05F57600C686EB /* FirebaseFunctions */ = {
			isa = XCSwiftPackageProductDependency;
			package = FA8592D92F05F4E300C686EB /* XCRemoteSwiftPackageReference "firebase-ios-sdk" */;
			productName = FirebaseFunctions;
		};
		FA8592F92F05F57600C686EB /* FirebaseFunctionsCombine-Community */ = {
			isa = XCSwiftPackageProductDependency;
			package = FA8592D92F05F4E300C686EB /* XCRemoteSwiftPackageReference "firebase-ios-sdk" */;
			productName = "FirebaseFunctionsCombine-Community";
		};
		FA8592FB2F05F57600C686EB /* FirebaseInAppMessaging-Beta */ = {
			isa = XCSwiftPackageProductDependency;
			package = FA8592D92F05F4E300C686EB /* XCRemoteSwiftPackageReference "firebase-ios-sdk" */;
			productName = "FirebaseInAppMessaging-Beta";
		};
		FA8592FD2F05F57600C686EB /* FirebaseInstallations */ = {
			isa = XCSwiftPackageProductDependency;
			package = FA8592D92F05F4E300C686EB /* XCRemoteSwiftPackageReference "firebase-ios-sdk" */;
			productName = FirebaseInstallations;
		};
		FA8593012F05F57600C686EB /* FirebaseMLModelDownloader */ = {
			isa = XCSwiftPackageProductDependency;
			package = FA8592D92F05F4E300C686EB /* XCRemoteSwiftPackageReference "firebase-ios-sdk" */;
			productName = FirebaseMLModelDownloader;
		};
		FA8593032F05F57600C686EB /* FirebasePerformance */ = {
			isa = XCSwiftPackageProductDependency;
			package = FA8592D92F05F4E300C686EB /* XCRemoteSwiftPackageReference "firebase-ios-sdk" */;
			productName = FirebasePerformance;
		};
		FA8593052F05F57600C686EB /* FirebaseRemoteConfig */ = {
			isa = XCSwiftPackageProductDependency;
			package = FA8592D92F05F4E300C686EB /* XCRemoteSwiftPackageReference "firebase-ios-sdk" */;
			productName = FirebaseRemoteConfig;
		};
		FA8593072F05F57600C686EB /* FirebaseStorage */ = {
			isa = XCSwiftPackageProductDependency;
			package = FA8592D92F05F4E300C686EB /* XCRemoteSwiftPackageReference "firebase-ios-sdk" */;
			productName = FirebaseStorage;
		};
		FA8593092F05F57600C686EB /* FirebaseStorageCombine-Community */ = {
			isa = XCSwiftPackageProductDependency;
			package = FA8592D92F05F4E300C686EB /* XCRemoteSwiftPackageReference "firebase-ios-sdk" */;
			productName = "FirebaseStorageCombine-Community";
		};
/* End XCSwiftPackageProductDependency section */
	};
	rootObject = FA8592B82F05F1D200C686EB /* Project object */;
}
